<?xml version="1.0" encoding="utf-8"?>
<Project ToolsVersion="4.0" xmlns="http://schemas.microsoft.com/developer/msbuild/2003">
  <ItemGroup>
    <Filter Include="Source Files">
      <UniqueIdentifier>{4FC737F1-C7A5-4376-A066-2A32D752A2FF}</UniqueIdentifier>
      <Extensions>cpp;c;cc;cxx;def;odl;idl;hpj;bat;asm;asmx</Extensions>
    </Filter>
    <Filter Include="Header Files">
      <UniqueIdentifier>{93995380-89BD-4b04-88EB-625FBE52EBFB}</UniqueIdentifier>
      <Extensions>h;hh;hpp;hxx;hm;inl;inc;xsd</Extensions>
    </Filter>
    <Filter Include="Resource Files">
      <UniqueIdentifier>{67DA6AB6-F800-4c08-8B7A-83BB121AAD01}</UniqueIdentifier>
      <Extensions>rc;ico;cur;bmp;dlg;rc2;rct;bin;rgs;gif;jpg;jpeg;jpe;resx;tiff;tif;png;wav;mfcribbon-ms</Extensions>
    </Filter>
    <Filter Include="assets">
      <UniqueIdentifier>{ecb08882-9399-4ff7-aea5-41045ae78766}</UniqueIdentifier>
    </Filter>
    <Filter Include="assets\shaders">
      <UniqueIdentifier>{4fd9287e-2b60-4aaf-8de8-f0edf1162d59}</UniqueIdentifier>
    </Filter>
    <Filter Include="assets\models">
      <UniqueIdentifier>{f0c09786-3315-4b87-9eae-aff25dd88ebf}</UniqueIdentifier>
    </Filter>
  </ItemGroup>
  <ItemGroup>
    <ClCompile Include="..\sieged\main.cpp">
      <Filter>Source Files</Filter>
    </ClCompile>
    <ClCompile Include="..\sieged\Sieged.cpp">
      <Filter>Source Files</Filter>
    </ClCompile>
    <ClCompile Include="..\sieged\Building.cpp">
      <Filter>Source Files</Filter>
    </ClCompile>
    <ClCompile Include="..\sieged\BuildingTemplate.cpp">
      <Filter>Source Files</Filter>
    </ClCompile>
    <ClCompile Include="..\sieged\Character.cpp">
      <Filter>Source Files</Filter>
    </ClCompile>
    <ClCompile Include="..\sieged\Enemy.cpp">
      <Filter>Source Files</Filter>
    </ClCompile>
    <ClCompile Include="..\sieged\FlowMap.cpp">
      <Filter>Source Files</Filter>
    </ClCompile>
    <ClCompile Include="..\sieged\Soldier.cpp">
      <Filter>Source Files</Filter>
    </ClCompile>
    <ClCompile Include="..\sieged\Tile.cpp">
      <Filter>Source Files</Filter>
    </ClCompile>
    <ClCompile Include="..\sieged\Flag.cpp">
      <Filter>Source Files</Filter>
    </ClCompile>
    <ClCompile Include="..\sieged\Archer.cpp">
      <Filter>Source Files</Filter>
    </ClCompile>
  </ItemGroup>
  <ItemGroup>
    <ClInclude Include="..\sieged\Sieged.h">
      <Filter>Header Files</Filter>
    </ClInclude>
    <ClInclude Include="..\sieged\Building.h">
      <Filter>Header Files</Filter>
    </ClInclude>
    <ClInclude Include="..\sieged\BuildingTemplate.h">
      <Filter>Header Files</Filter>
    </ClInclude>
    <ClInclude Include="..\sieged\Character.h">
      <Filter>Header Files</Filter>
    </ClInclude>
    <ClInclude Include="..\sieged\Enemy.h">
      <Filter>Header Files</Filter>
    </ClInclude>
    <ClInclude Include="..\sieged\FlowMap.h">
      <Filter>Header Files</Filter>
    </ClInclude>
    <ClInclude Include="..\sieged\Soldier.h">
      <Filter>Header Files</Filter>
    </ClInclude>
    <ClInclude Include="..\sieged\Tile.h">
      <Filter>Header Files</Filter>
    </ClInclude>
    <ClInclude Include="..\sieged\Flag.h">
      <Filter>Header Files</Filter>
    </ClInclude>
    <ClInclude Include="..\sieged\Archer.h">
      <Filter>Header Files</Filter>
    </ClInclude>
  </ItemGroup>
  <ItemGroup>
    <None Include="..\assets\shaders\gl\simple.frag">
      <Filter>assets\shaders</Filter>
    </None>
    <None Include="..\assets\shaders\gl\simple.vert">
      <Filter>assets\shaders</Filter>
    </None>
    <None Include="..\assets\models\protobot.dae">
      <Filter>assets\models</Filter>
    </None>
  </ItemGroup>
  <ItemGroup>
    <CustomBuild Include="..\assets\models\townhall.fbx">
      <Filter>assets\models</Filter>
    </CustomBuild>
    <CustomBuild Include="..\assets\models\bank.fbx">
      <Filter>assets\models</Filter>
    </CustomBuild>
    <CustomBuild Include="..\assets\models\marketplace.fbx">
      <Filter>assets\models</Filter>
    </CustomBuild>
    <CustomBuild Include="..\assets\models\mineralmine.fbx">
      <Filter>assets\models</Filter>
    </CustomBuild>
    <CustomBuild Include="..\assets\models\recycler.fbx">
      <Filter>assets\models</Filter>
    </CustomBuild>
    <CustomBuild Include="..\assets\models\stonemason.fbx">
      <Filter>assets\models</Filter>
    </CustomBuild>
    <CustomBuild Include="..\assets\models\wallcorner.fbx">
      <Filter>assets\models</Filter>
    </CustomBuild>
    <CustomBuild Include="..\assets\models\wallinside.fbx">
      <Filter>assets\models</Filter>
    </CustomBuild>
    <CustomBuild Include="..\assets\models\wallstraight.fbx">
      <Filter>assets\models</Filter>
    </CustomBuild>
    <CustomBuild Include="..\assets\models\archeryrange.fbx">
      <Filter>assets\models</Filter>
    </CustomBuild>
    <CustomBuild Include="..\assets\models\teslatower.fbx">
      <Filter>assets\models</Filter>
    </CustomBuild>
    <CustomBuild Include="..\assets\models\barracks.fbx">
      <Filter>assets\models</Filter>
    </CustomBuild>
    <CustomBuild Include="..\assets\models\battlearena.fbx">
      <Filter>assets\models</Filter>
    </CustomBuild>
    <CustomBuild Include="..\assets\models\imposingstatue.fbx">
      <Filter>assets\models</Filter>
    </CustomBuild>
    <CustomBuild Include="..\assets\models\smithy.fbx">
      <Filter>assets\models</Filter>
    </CustomBuild>
    <CustomBuild Include="..\assets\models\wall1.fbx">
      <Filter>assets\models</Filter>
    </CustomBuild>
    <CustomBuild Include="..\assets\models\wall2.fbx">
      <Filter>assets\models</Filter>
    </CustomBuild>
    <CustomBuild Include="..\assets\models\wall3.fbx">
      <Filter>assets\models</Filter>
    </CustomBuild>
    <CustomBuild Include="..\assets\models\wall4.fbx">
      <Filter>assets\models</Filter>
    </CustomBuild>
    <CustomBuild Include="..\assets\models\wall5.fbx">
      <Filter>assets\models</Filter>
    </CustomBuild>
    <CustomBuild Include="..\assets\models\wall6.fbx">
      <Filter>assets\models</Filter>
    </CustomBuild>
    <CustomBuild Include="..\assets\models\cube.fbx">
      <Filter>assets\models</Filter>
    </CustomBuild>
    <CustomBuild Include="..\assets\models\flag.fbx">
      <Filter>assets\models</Filter>
    </CustomBuild>
  </ItemGroup>
</Project>